// !$*UTF8*$!
{
	archiveVersion = 1;
	classes = {
	};
	objectVersion = 46;
	objects = {

/* Begin PBXBuildFile section */
		41E0151092E8C702AF72BCD3 /* Pods.framework in Frameworks */ = {isa = PBXBuildFile; fileRef = 2C6CC0BDD0C2F3E4BF93137B /* Pods.framework */; };
		E70A5B101C17BFEC001C0A47 /* FileType.swift in Sources */ = {isa = PBXBuildFile; fileRef = E70A5AF41C17BFEC001C0A47 /* FileType.swift */; };
		E70A5B111C17BFEC001C0A47 /* PersistentBase.swift in Sources */ = {isa = PBXBuildFile; fileRef = E70A5AF51C17BFEC001C0A47 /* PersistentBase.swift */; };
		E70A5B121C17BFEC001C0A47 /* PersistentFileHelper.swift in Sources */ = {isa = PBXBuildFile; fileRef = E70A5AF61C17BFEC001C0A47 /* PersistentFileHelper.swift */; };
		E70A5B131C17BFEC001C0A47 /* PersistentManager.swift in Sources */ = {isa = PBXBuildFile; fileRef = E70A5AF71C17BFEC001C0A47 /* PersistentManager.swift */; };
		E70A5B151C17BFEC001C0A47 /* CoreDataManager.swift in Sources */ = {isa = PBXBuildFile; fileRef = E70A5AFB1C17BFEC001C0A47 /* CoreDataManager.swift */; };
		E70A5B201C17BFEC001C0A47 /* BahamutModel.xcdatamodeld in Sources */ = {isa = PBXBuildFile; fileRef = E70A5B0C1C17BFEC001C0A47 /* BahamutModel.xcdatamodeld */; };
		E70A5B211C17BFEC001C0A47 /* ModelEntity.swift in Sources */ = {isa = PBXBuildFile; fileRef = E70A5B0E1C17BFEC001C0A47 /* ModelEntity.swift */; };
		E70A5B221C17BFEC001C0A47 /* ModelExtension.swift in Sources */ = {isa = PBXBuildFile; fileRef = E70A5B0F1C17BFEC001C0A47 /* ModelExtension.swift */; };
		E70DDE9A1C10122600DD0E57 /* DiaryMarkCell.swift in Sources */ = {isa = PBXBuildFile; fileRef = E70DDE991C10122600DD0E57 /* DiaryMarkCell.swift */; };
		E70DDE9E1C10156B00DD0E57 /* DiaryService.swift in Sources */ = {isa = PBXBuildFile; fileRef = E70DDE9D1C10156B00DD0E57 /* DiaryService.swift */; };
		E70DDEA01C1015D400DD0E57 /* DiaryMarksConfig.swift in Sources */ = {isa = PBXBuildFile; fileRef = E70DDE9F1C1015D400DD0E57 /* DiaryMarksConfig.swift */; };
		E70DDEA21C10197F00DD0E57 /* DiaryContentCell.swift in Sources */ = {isa = PBXBuildFile; fileRef = E70DDEA11C10197F00DD0E57 /* DiaryContentCell.swift */; };
		E70DDEC51C10606C00DD0E57 /* ArrayUtil.swift in Sources */ = {isa = PBXBuildFile; fileRef = E70DDEA41C10606C00DD0E57 /* ArrayUtil.swift */; };
		E70DDEC61C10606C00DD0E57 /* BahamutObject.swift in Sources */ = {isa = PBXBuildFile; fileRef = E70DDEA61C10606C00DD0E57 /* BahamutObject.swift */; };
		E70DDEC71C10606C00DD0E57 /* MF_Base64Additions.m in Sources */ = {isa = PBXBuildFile; fileRef = E70DDEA91C10606C00DD0E57 /* MF_Base64Additions.m */; };
		E70DDEC81C10606C00DD0E57 /* DateHelper.swift in Sources */ = {isa = PBXBuildFile; fileRef = E70DDEAA1C10606C00DD0E57 /* DateHelper.swift */; };
		E70DDEC91C10606C00DD0E57 /* IDUtil.swift in Sources */ = {isa = PBXBuildFile; fileRef = E70DDEAB1C10606C00DD0E57 /* IDUtil.swift */; };
		E70DDECA1C10606C00DD0E57 /* RegexUtil.swift in Sources */ = {isa = PBXBuildFile; fileRef = E70DDEAC1C10606C00DD0E57 /* RegexUtil.swift */; };
		E70DDECB1C10606C00DD0E57 /* StringHelper.swift in Sources */ = {isa = PBXBuildFile; fileRef = E70DDEAD1C10606C00DD0E57 /* StringHelper.swift */; };
		E70DDECC1C10606C00DD0E57 /* ColorUtil.swift in Sources */ = {isa = PBXBuildFile; fileRef = E70DDEAF1C10606C00DD0E57 /* ColorUtil.swift */; };
		E70DDECD1C10606C00DD0E57 /* ControllerExtension.swift in Sources */ = {isa = PBXBuildFile; fileRef = E70DDEB01C10606C00DD0E57 /* ControllerExtension.swift */; };
		E70DDECE1C10606C00DD0E57 /* HSL.swift in Sources */ = {isa = PBXBuildFile; fileRef = E70DDEB21C10606C00DD0E57 /* HSL.swift */; };
		E70DDECF1C10606C00DD0E57 /* UIColor.swift in Sources */ = {isa = PBXBuildFile; fileRef = E70DDEB31C10606C00DD0E57 /* UIColor.swift */; };
		E70DDED01C10606C00DD0E57 /* ImageUtil.swift in Sources */ = {isa = PBXBuildFile; fileRef = E70DDEB41C10606C00DD0E57 /* ImageUtil.swift */; };
		E70DDED21C10606C00DD0E57 /* ToastHelper.swift in Sources */ = {isa = PBXBuildFile; fileRef = E70DDEB61C10606C00DD0E57 /* ToastHelper.swift */; };
		E70DDED31C10606C00DD0E57 /* UserGuide.swift in Sources */ = {isa = PBXBuildFile; fileRef = E70DDEB71C10606C00DD0E57 /* UserGuide.swift */; };
		E74246481C3A133800BA564F /* KeyboardAdjustHelper.swift in Sources */ = {isa = PBXBuildFile; fileRef = E74246471C3A133800BA564F /* KeyboardAdjustHelper.swift */; };
		E743D8D91C128E10003ACC4E /* NewDiaryCellManager.swift in Sources */ = {isa = PBXBuildFile; fileRef = E743D8D81C128E10003ACC4E /* NewDiaryCellManager.swift */; };
		E743D8DC1C129479003ACC4E /* DiaryListManager.swift in Sources */ = {isa = PBXBuildFile; fileRef = E743D8DB1C129479003ACC4E /* DiaryListManager.swift */; };
		E743D8DE1C143B10003ACC4E /* UIAnimationHelper.swift in Sources */ = {isa = PBXBuildFile; fileRef = E743D8DD1C143B10003ACC4E /* UIAnimationHelper.swift */; };
		E743D8E01C149365003ACC4E /* NothingViewFooter.xib in Resources */ = {isa = PBXBuildFile; fileRef = E743D8DF1C149365003ACC4E /* NothingViewFooter.xib */; };
		E743D8E31C149407003ACC4E /* NothingViewFooter.swift in Sources */ = {isa = PBXBuildFile; fileRef = E743D8E21C149407003ACC4E /* NothingViewFooter.swift */; };
		E743D8E51C149989003ACC4E /* EditMainContentViewController.swift in Sources */ = {isa = PBXBuildFile; fileRef = E743D8E41C149989003ACC4E /* EditMainContentViewController.swift */; };
		E743D8E81C14A104003ACC4E /* TimeMailTableViewController.swift in Sources */ = {isa = PBXBuildFile; fileRef = E743D8E71C14A104003ACC4E /* TimeMailTableViewController.swift */; };
		E743D8EA1C14A120003ACC4E /* TimeMailTableViewCell.swift in Sources */ = {isa = PBXBuildFile; fileRef = E743D8E91C14A120003ACC4E /* TimeMailTableViewCell.swift */; };
		E743D8ED1C14A843003ACC4E /* TimeMailService.swift in Sources */ = {isa = PBXBuildFile; fileRef = E743D8EC1C14A843003ACC4E /* TimeMailService.swift */; };
		E743D8F41C14AD3E003ACC4E /* UIBarButtonItem+Badge.m in Sources */ = {isa = PBXBuildFile; fileRef = E743D8F11C14AD3E003ACC4E /* UIBarButtonItem+Badge.m */; };
		E743D8F51C14AD3E003ACC4E /* UIButton+Badge.m in Sources */ = {isa = PBXBuildFile; fileRef = E743D8F31C14AD3E003ACC4E /* UIButton+Badge.m */; };
		E74DB7B81C193362004F0207 /* DiaryDetailViewController.swift in Sources */ = {isa = PBXBuildFile; fileRef = E74DB7B71C193362004F0207 /* DiaryDetailViewController.swift */; };
		E74DB7C21C197515004F0207 /* Localizable.strings in Resources */ = {isa = PBXBuildFile; fileRef = E74DB7C41C197515004F0207 /* Localizable.strings */; };
		E7534B811C23BCA100F0ED58 /* SyncService.swift in Sources */ = {isa = PBXBuildFile; fileRef = E7534B801C23BCA100F0ED58 /* SyncService.swift */; };
		E7534B861C23C3F200F0ED58 /* libMobClickLibrary.a in Frameworks */ = {isa = PBXBuildFile; fileRef = E7534B831C23C3F200F0ED58 /* libMobClickLibrary.a */; };
		E7534B881C23DE3500F0ED58 /* libz.1.2.5.tbd in Frameworks */ = {isa = PBXBuildFile; fileRef = E7534B871C23DE3500F0ED58 /* libz.1.2.5.tbd */; };
		E76DEB781C0E981D0072A1D7 /* AppDelegate.swift in Sources */ = {isa = PBXBuildFile; fileRef = E76DEB771C0E981D0072A1D7 /* AppDelegate.swift */; };
		E76DEB7A1C0E981D0072A1D7 /* ViewController.swift in Sources */ = {isa = PBXBuildFile; fileRef = E76DEB791C0E981D0072A1D7 /* ViewController.swift */; };
		E76DEB7D1C0E981D0072A1D7 /* Main.storyboard in Resources */ = {isa = PBXBuildFile; fileRef = E76DEB7B1C0E981D0072A1D7 /* Main.storyboard */; };
		E76DEB7F1C0E981D0072A1D7 /* Assets.xcassets in Resources */ = {isa = PBXBuildFile; fileRef = E76DEB7E1C0E981D0072A1D7 /* Assets.xcassets */; };
		E76DEB821C0E981D0072A1D7 /* LaunchScreen.storyboard in Resources */ = {isa = PBXBuildFile; fileRef = E76DEB801C0E981D0072A1D7 /* LaunchScreen.storyboard */; };
		E77D43461C15E812008E350A /* AboutViewController.swift in Sources */ = {isa = PBXBuildFile; fileRef = E77D43451C15E812008E350A /* AboutViewController.swift */; };
		E77D43481C15E853008E350A /* iDiariesConfig.swift in Sources */ = {isa = PBXBuildFile; fileRef = E77D43471C15E853008E350A /* iDiariesConfig.swift */; };
		E781B47A1C114BAD0014A17D /* NewDiaryDateCell.swift in Sources */ = {isa = PBXBuildFile; fileRef = E781B4791C114BAD0014A17D /* NewDiaryDateCell.swift */; };
		E781B47C1C114BC60014A17D /* NewDiaryMarkCell.swift in Sources */ = {isa = PBXBuildFile; fileRef = E781B47B1C114BC60014A17D /* NewDiaryMarkCell.swift */; };
		E781B47E1C114BE20014A17D /* NewDiaryTextContentCell.swift in Sources */ = {isa = PBXBuildFile; fileRef = E781B47D1C114BE20014A17D /* NewDiaryTextContentCell.swift */; };
		E781B4801C114BFC0014A17D /* NewDiarySendTimeMailCell.swift in Sources */ = {isa = PBXBuildFile; fileRef = E781B47F1C114BFC0014A17D /* NewDiarySendTimeMailCell.swift */; };
		E781B4821C114C0E0014A17D /* NewDiarySaveCell.swift in Sources */ = {isa = PBXBuildFile; fileRef = E781B4811C114C0E0014A17D /* NewDiarySaveCell.swift */; };
		E781B4841C114DB10014A17D /* NewDiaryBaseCell.swift in Sources */ = {isa = PBXBuildFile; fileRef = E781B4831C114DB10014A17D /* NewDiaryBaseCell.swift */; };
		E781B4861C1186310014A17D /* SelectDateController.swift in Sources */ = {isa = PBXBuildFile; fileRef = E781B4851C1186310014A17D /* SelectDateController.swift */; };
		E781B4881C11925F0014A17D /* AudioToolbox.framework in Frameworks */ = {isa = PBXBuildFile; fileRef = E781B4871C11925F0014A17D /* AudioToolbox.framework */; };
		E781B4A81C11C5DB0014A17D /* PasswordLocker.swift in Sources */ = {isa = PBXBuildFile; fileRef = E781B4A71C11C5DB0014A17D /* PasswordLocker.swift */; };
		E781B4AA1C11D5730014A17D /* LockViewController.swift in Sources */ = {isa = PBXBuildFile; fileRef = E781B4A91C11D5730014A17D /* LockViewController.swift */; };
		E78D26601C19823C002860A5 /* InfoPlist.strings in Resources */ = {isa = PBXBuildFile; fileRef = E78D26621C19823C002860A5 /* InfoPlist.strings */; };
		E7BB95541C154A0700130E2F /* MailDetailController.swift in Sources */ = {isa = PBXBuildFile; fileRef = E7BB95531C154A0700130E2F /* MailDetailController.swift */; };
		E7BB95561C154B7C00130E2F /* UserSettingController.swift in Sources */ = {isa = PBXBuildFile; fileRef = E7BB95551C154B7C00130E2F /* UserSettingController.swift */; };
		E7BB95581C157E1700130E2F /* SystemSoundHelper.swift in Sources */ = {isa = PBXBuildFile; fileRef = E7BB95571C157E1700130E2F /* SystemSoundHelper.swift */; };
		E7CD27201C17F51700AB2C64 /* SyncDiariesViewController.swift in Sources */ = {isa = PBXBuildFile; fileRef = E7CD271F1C17F51700AB2C64 /* SyncDiariesViewController.swift */; };
		E7CD27231C17FD5500AB2C64 /* iCloudExtension.swift in Sources */ = {isa = PBXBuildFile; fileRef = E7CD27221C17FD5500AB2C64 /* iCloudExtension.swift */; };
/* End PBXBuildFile section */

/* Begin PBXFileReference section */
		2C6CC0BDD0C2F3E4BF93137B /* Pods.framework */ = {isa = PBXFileReference; explicitFileType = wrapper.framework; includeInIndex = 0; path = Pods.framework; sourceTree = BUILT_PRODUCTS_DIR; };
		42B62F95657CF65E2B8E9CED /* Pods.release.xcconfig */ = {isa = PBXFileReference; includeInIndex = 1; lastKnownFileType = text.xcconfig; name = Pods.release.xcconfig; path = "Pods/Target Support Files/Pods/Pods.release.xcconfig"; sourceTree = "<group>"; };
		AE9BC71D74986D97B8B73218 /* Pods.debug.xcconfig */ = {isa = PBXFileReference; includeInIndex = 1; lastKnownFileType = text.xcconfig; name = Pods.debug.xcconfig; path = "Pods/Target Support Files/Pods/Pods.debug.xcconfig"; sourceTree = "<group>"; };
		E70A5AF41C17BFEC001C0A47 /* FileType.swift */ = {isa = PBXFileReference; fileEncoding = 4; lastKnownFileType = sourcecode.swift; path = FileType.swift; sourceTree = "<group>"; };
		E70A5AF51C17BFEC001C0A47 /* PersistentBase.swift */ = {isa = PBXFileReference; fileEncoding = 4; lastKnownFileType = sourcecode.swift; path = PersistentBase.swift; sourceTree = "<group>"; };
		E70A5AF61C17BFEC001C0A47 /* PersistentFileHelper.swift */ = {isa = PBXFileReference; fileEncoding = 4; lastKnownFileType = sourcecode.swift; path = PersistentFileHelper.swift; sourceTree = "<group>"; };
		E70A5AF71C17BFEC001C0A47 /* PersistentManager.swift */ = {isa = PBXFileReference; fileEncoding = 4; lastKnownFileType = sourcecode.swift; path = PersistentManager.swift; sourceTree = "<group>"; };
		E70A5AFB1C17BFEC001C0A47 /* CoreDataManager.swift */ = {isa = PBXFileReference; fileEncoding = 4; lastKnownFileType = sourcecode.swift; path = CoreDataManager.swift; sourceTree = "<group>"; };
		E70A5B0D1C17BFEC001C0A47 /* BahamutModel.xcdatamodel */ = {isa = PBXFileReference; lastKnownFileType = wrapper.xcdatamodel; path = BahamutModel.xcdatamodel; sourceTree = "<group>"; };
		E70A5B0E1C17BFEC001C0A47 /* ModelEntity.swift */ = {isa = PBXFileReference; fileEncoding = 4; lastKnownFileType = sourcecode.swift; path = ModelEntity.swift; sourceTree = "<group>"; };
		E70A5B0F1C17BFEC001C0A47 /* ModelExtension.swift */ = {isa = PBXFileReference; fileEncoding = 4; lastKnownFileType = sourcecode.swift; path = ModelExtension.swift; sourceTree = "<group>"; };
		E70DDE991C10122600DD0E57 /* DiaryMarkCell.swift */ = {isa = PBXFileReference; fileEncoding = 4; lastKnownFileType = sourcecode.swift; path = DiaryMarkCell.swift; sourceTree = "<group>"; };
		E70DDE9D1C10156B00DD0E57 /* DiaryService.swift */ = {isa = PBXFileReference; fileEncoding = 4; lastKnownFileType = sourcecode.swift; path = DiaryService.swift; sourceTree = "<group>"; };
		E70DDE9F1C1015D400DD0E57 /* DiaryMarksConfig.swift */ = {isa = PBXFileReference; fileEncoding = 4; lastKnownFileType = sourcecode.swift; path = DiaryMarksConfig.swift; sourceTree = "<group>"; };
		E70DDEA11C10197F00DD0E57 /* DiaryContentCell.swift */ = {isa = PBXFileReference; fileEncoding = 4; lastKnownFileType = sourcecode.swift; path = DiaryContentCell.swift; sourceTree = "<group>"; };
		E70DDEA41C10606C00DD0E57 /* ArrayUtil.swift */ = {isa = PBXFileReference; fileEncoding = 4; lastKnownFileType = sourcecode.swift; path = ArrayUtil.swift; sourceTree = "<group>"; };
		E70DDEA51C10606C00DD0E57 /* BahamutCommon.h */ = {isa = PBXFileReference; fileEncoding = 4; lastKnownFileType = sourcecode.c.h; path = BahamutCommon.h; sourceTree = "<group>"; };
		E70DDEA61C10606C00DD0E57 /* BahamutObject.swift */ = {isa = PBXFileReference; fileEncoding = 4; lastKnownFileType = sourcecode.swift; path = BahamutObject.swift; sourceTree = "<group>"; };
		E70DDEA81C10606C00DD0E57 /* MF_Base64Additions.h */ = {isa = PBXFileReference; fileEncoding = 4; lastKnownFileType = sourcecode.c.h; path = MF_Base64Additions.h; sourceTree = "<group>"; };
		E70DDEA91C10606C00DD0E57 /* MF_Base64Additions.m */ = {isa = PBXFileReference; fileEncoding = 4; lastKnownFileType = sourcecode.c.objc; path = MF_Base64Additions.m; sourceTree = "<group>"; };
		E70DDEAA1C10606C00DD0E57 /* DateHelper.swift */ = {isa = PBXFileReference; fileEncoding = 4; lastKnownFileType = sourcecode.swift; path = DateHelper.swift; sourceTree = "<group>"; };
		E70DDEAB1C10606C00DD0E57 /* IDUtil.swift */ = {isa = PBXFileReference; fileEncoding = 4; lastKnownFileType = sourcecode.swift; path = IDUtil.swift; sourceTree = "<group>"; };
		E70DDEAC1C10606C00DD0E57 /* RegexUtil.swift */ = {isa = PBXFileReference; fileEncoding = 4; lastKnownFileType = sourcecode.swift; path = RegexUtil.swift; sourceTree = "<group>"; };
		E70DDEAD1C10606C00DD0E57 /* StringHelper.swift */ = {isa = PBXFileReference; fileEncoding = 4; lastKnownFileType = sourcecode.swift; path = StringHelper.swift; sourceTree = "<group>"; };
		E70DDEAF1C10606C00DD0E57 /* ColorUtil.swift */ = {isa = PBXFileReference; fileEncoding = 4; lastKnownFileType = sourcecode.swift; path = ColorUtil.swift; sourceTree = "<group>"; };
		E70DDEB01C10606C00DD0E57 /* ControllerExtension.swift */ = {isa = PBXFileReference; fileEncoding = 4; lastKnownFileType = sourcecode.swift; path = ControllerExtension.swift; sourceTree = "<group>"; };
		E70DDEB21C10606C00DD0E57 /* HSL.swift */ = {isa = PBXFileReference; fileEncoding = 4; lastKnownFileType = sourcecode.swift; path = HSL.swift; sourceTree = "<group>"; };
		E70DDEB31C10606C00DD0E57 /* UIColor.swift */ = {isa = PBXFileReference; fileEncoding = 4; lastKnownFileType = sourcecode.swift; path = UIColor.swift; sourceTree = "<group>"; };
		E70DDEB41C10606C00DD0E57 /* ImageUtil.swift */ = {isa = PBXFileReference; fileEncoding = 4; lastKnownFileType = sourcecode.swift; path = ImageUtil.swift; sourceTree = "<group>"; };
		E70DDEB61C10606C00DD0E57 /* ToastHelper.swift */ = {isa = PBXFileReference; fileEncoding = 4; lastKnownFileType = sourcecode.swift; path = ToastHelper.swift; sourceTree = "<group>"; };
		E70DDEB71C10606C00DD0E57 /* UserGuide.swift */ = {isa = PBXFileReference; fileEncoding = 4; lastKnownFileType = sourcecode.swift; path = UserGuide.swift; sourceTree = "<group>"; };
		E74246471C3A133800BA564F /* KeyboardAdjustHelper.swift */ = {isa = PBXFileReference; fileEncoding = 4; lastKnownFileType = sourcecode.swift; path = KeyboardAdjustHelper.swift; sourceTree = "<group>"; };
		E743D8D81C128E10003ACC4E /* NewDiaryCellManager.swift */ = {isa = PBXFileReference; fileEncoding = 4; lastKnownFileType = sourcecode.swift; path = NewDiaryCellManager.swift; sourceTree = "<group>"; };
		E743D8DB1C129479003ACC4E /* DiaryListManager.swift */ = {isa = PBXFileReference; fileEncoding = 4; lastKnownFileType = sourcecode.swift; path = DiaryListManager.swift; sourceTree = "<group>"; };
		E743D8DD1C143B10003ACC4E /* UIAnimationHelper.swift */ = {isa = PBXFileReference; fileEncoding = 4; lastKnownFileType = sourcecode.swift; path = UIAnimationHelper.swift; sourceTree = "<group>"; };
		E743D8DF1C149365003ACC4E /* NothingViewFooter.xib */ = {isa = PBXFileReference; fileEncoding = 4; lastKnownFileType = file.xib; path = NothingViewFooter.xib; sourceTree = "<group>"; };
		E743D8E21C149407003ACC4E /* NothingViewFooter.swift */ = {isa = PBXFileReference; fileEncoding = 4; lastKnownFileType = sourcecode.swift; path = NothingViewFooter.swift; sourceTree = "<group>"; };
		E743D8E41C149989003ACC4E /* EditMainContentViewController.swift */ = {isa = PBXFileReference; fileEncoding = 4; lastKnownFileType = sourcecode.swift; path = EditMainContentViewController.swift; sourceTree = "<group>"; };
		E743D8E71C14A104003ACC4E /* TimeMailTableViewController.swift */ = {isa = PBXFileReference; fileEncoding = 4; lastKnownFileType = sourcecode.swift; path = TimeMailTableViewController.swift; sourceTree = "<group>"; };
		E743D8E91C14A120003ACC4E /* TimeMailTableViewCell.swift */ = {isa = PBXFileReference; fileEncoding = 4; lastKnownFileType = sourcecode.swift; path = TimeMailTableViewCell.swift; sourceTree = "<group>"; };
		E743D8EC1C14A843003ACC4E /* TimeMailService.swift */ = {isa = PBXFileReference; fileEncoding = 4; lastKnownFileType = sourcecode.swift; path = TimeMailService.swift; sourceTree = "<group>"; };
		E743D8F01C14AD3E003ACC4E /* UIBarButtonItem+Badge.h */ = {isa = PBXFileReference; fileEncoding = 4; lastKnownFileType = sourcecode.c.h; path = "UIBarButtonItem+Badge.h"; sourceTree = "<group>"; };
		E743D8F11C14AD3E003ACC4E /* UIBarButtonItem+Badge.m */ = {isa = PBXFileReference; fileEncoding = 4; lastKnownFileType = sourcecode.c.objc; path = "UIBarButtonItem+Badge.m"; sourceTree = "<group>"; };
		E743D8F21C14AD3E003ACC4E /* UIButton+Badge.h */ = {isa = PBXFileReference; fileEncoding = 4; lastKnownFileType = sourcecode.c.h; path = "UIButton+Badge.h"; sourceTree = "<group>"; };
		E743D8F31C14AD3E003ACC4E /* UIButton+Badge.m */ = {isa = PBXFileReference; fileEncoding = 4; lastKnownFileType = sourcecode.c.objc; path = "UIButton+Badge.m"; sourceTree = "<group>"; };
		E74DB7B71C193362004F0207 /* DiaryDetailViewController.swift */ = {isa = PBXFileReference; fileEncoding = 4; lastKnownFileType = sourcecode.swift; path = DiaryDetailViewController.swift; sourceTree = "<group>"; };
		E74DB7BF1C1973F9004F0207 /* zh-Hans */ = {isa = PBXFileReference; lastKnownFileType = file.storyboard; name = "zh-Hans"; path = "zh-Hans.lproj/Main.storyboard"; sourceTree = "<group>"; };
		E74DB7C31C197515004F0207 /* zh-Hans */ = {isa = PBXFileReference; lastKnownFileType = text.plist.strings; name = "zh-Hans"; path = "zh-Hans.lproj/Localizable.strings"; sourceTree = "<group>"; };
		E74DB7C51C197518004F0207 /* Base */ = {isa = PBXFileReference; lastKnownFileType = text.plist.strings; name = Base; path = Base.lproj/Localizable.strings; sourceTree = "<group>"; };
		E7534B801C23BCA100F0ED58 /* SyncService.swift */ = {isa = PBXFileReference; fileEncoding = 4; lastKnownFileType = sourcecode.swift; path = SyncService.swift; sourceTree = "<group>"; };
		E7534B831C23C3F200F0ED58 /* libMobClickLibrary.a */ = {isa = PBXFileReference; lastKnownFileType = archive.ar; path = libMobClickLibrary.a; sourceTree = "<group>"; };
		E7534B841C23C3F200F0ED58 /* MobClick.h */ = {isa = PBXFileReference; fileEncoding = 4; lastKnownFileType = sourcecode.c.h; path = MobClick.h; sourceTree = "<group>"; };
		E7534B851C23C3F200F0ED58 /* MobClickSocialAnalytics.h */ = {isa = PBXFileReference; fileEncoding = 4; lastKnownFileType = sourcecode.c.h; path = MobClickSocialAnalytics.h; sourceTree = "<group>"; };
		E7534B871C23DE3500F0ED58 /* libz.1.2.5.tbd */ = {isa = PBXFileReference; lastKnownFileType = "sourcecode.text-based-dylib-definition"; name = libz.1.2.5.tbd; path = usr/lib/libz.1.2.5.tbd; sourceTree = SDKROOT; };
		E7534B911C241F4F00F0ED58 /* zh-Hant */ = {isa = PBXFileReference; lastKnownFileType = file.storyboard; name = "zh-Hant"; path = "zh-Hant.lproj/Main.storyboard"; sourceTree = "<group>"; };
		E76DEB741C0E981D0072A1D7 /* iDiaries.app */ = {isa = PBXFileReference; explicitFileType = wrapper.application; includeInIndex = 0; path = iDiaries.app; sourceTree = BUILT_PRODUCTS_DIR; };
		E76DEB771C0E981D0072A1D7 /* AppDelegate.swift */ = {isa = PBXFileReference; lastKnownFileType = sourcecode.swift; path = AppDelegate.swift; sourceTree = "<group>"; };
		E76DEB791C0E981D0072A1D7 /* ViewController.swift */ = {isa = PBXFileReference; lastKnownFileType = sourcecode.swift; path = ViewController.swift; sourceTree = "<group>"; };
		E76DEB7C1C0E981D0072A1D7 /* Base */ = {isa = PBXFileReference; lastKnownFileType = file.storyboard; name = Base; path = Base.lproj/Main.storyboard; sourceTree = "<group>"; };
		E76DEB7E1C0E981D0072A1D7 /* Assets.xcassets */ = {isa = PBXFileReference; lastKnownFileType = folder.assetcatalog; path = Assets.xcassets; sourceTree = "<group>"; };
		E76DEB811C0E981D0072A1D7 /* Base */ = {isa = PBXFileReference; lastKnownFileType = file.storyboard; name = Base; path = Base.lproj/LaunchScreen.storyboard; sourceTree = "<group>"; };
		E76DEBFE1C0F220F0072A1D7 /* Bridging-Header.h */ = {isa = PBXFileReference; lastKnownFileType = sourcecode.c.h; path = "Bridging-Header.h"; sourceTree = "<group>"; };
		E77D43451C15E812008E350A /* AboutViewController.swift */ = {isa = PBXFileReference; fileEncoding = 4; lastKnownFileType = sourcecode.swift; path = AboutViewController.swift; sourceTree = "<group>"; };
		E77D43471C15E853008E350A /* iDiariesConfig.swift */ = {isa = PBXFileReference; fileEncoding = 4; lastKnownFileType = sourcecode.swift; path = iDiariesConfig.swift; sourceTree = "<group>"; };
		E781B4791C114BAD0014A17D /* NewDiaryDateCell.swift */ = {isa = PBXFileReference; fileEncoding = 4; lastKnownFileType = sourcecode.swift; path = NewDiaryDateCell.swift; sourceTree = "<group>"; };
		E781B47B1C114BC60014A17D /* NewDiaryMarkCell.swift */ = {isa = PBXFileReference; fileEncoding = 4; lastKnownFileType = sourcecode.swift; path = NewDiaryMarkCell.swift; sourceTree = "<group>"; };
		E781B47D1C114BE20014A17D /* NewDiaryTextContentCell.swift */ = {isa = PBXFileReference; fileEncoding = 4; lastKnownFileType = sourcecode.swift; path = NewDiaryTextContentCell.swift; sourceTree = "<group>"; };
		E781B47F1C114BFC0014A17D /* NewDiarySendTimeMailCell.swift */ = {isa = PBXFileReference; fileEncoding = 4; lastKnownFileType = sourcecode.swift; path = NewDiarySendTimeMailCell.swift; sourceTree = "<group>"; };
		E781B4811C114C0E0014A17D /* NewDiarySaveCell.swift */ = {isa = PBXFileReference; fileEncoding = 4; lastKnownFileType = sourcecode.swift; path = NewDiarySaveCell.swift; sourceTree = "<group>"; };
		E781B4831C114DB10014A17D /* NewDiaryBaseCell.swift */ = {isa = PBXFileReference; fileEncoding = 4; lastKnownFileType = sourcecode.swift; path = NewDiaryBaseCell.swift; sourceTree = "<group>"; };
		E781B4851C1186310014A17D /* SelectDateController.swift */ = {isa = PBXFileReference; fileEncoding = 4; lastKnownFileType = sourcecode.swift; path = SelectDateController.swift; sourceTree = "<group>"; };
		E781B4871C11925F0014A17D /* AudioToolbox.framework */ = {isa = PBXFileReference; lastKnownFileType = wrapper.framework; name = AudioToolbox.framework; path = System/Library/Frameworks/AudioToolbox.framework; sourceTree = SDKROOT; };
		E781B4A71C11C5DB0014A17D /* PasswordLocker.swift */ = {isa = PBXFileReference; fileEncoding = 4; lastKnownFileType = sourcecode.swift; path = PasswordLocker.swift; sourceTree = "<group>"; };
		E781B4A91C11D5730014A17D /* LockViewController.swift */ = {isa = PBXFileReference; fileEncoding = 4; lastKnownFileType = sourcecode.swift; path = LockViewController.swift; sourceTree = "<group>"; };
		E78D265C1C1981F6002860A5 /* Info.plist */ = {isa = PBXFileReference; fileEncoding = 4; lastKnownFileType = text.plist.xml; path = Info.plist; sourceTree = "<group>"; };
		E78D26611C19823C002860A5 /* zh-Hans */ = {isa = PBXFileReference; lastKnownFileType = text.plist.strings; name = "zh-Hans"; path = "zh-Hans.lproj/InfoPlist.strings"; sourceTree = "<group>"; };
		E78D26631C19823D002860A5 /* Base */ = {isa = PBXFileReference; lastKnownFileType = text.plist.strings; name = Base; path = Base.lproj/InfoPlist.strings; sourceTree = "<group>"; };
		E78D266B1C19AF2E002860A5 /* zh-Hant */ = {isa = PBXFileReference; lastKnownFileType = text.plist.strings; name = "zh-Hant"; path = "zh-Hant.lproj/Localizable.strings"; sourceTree = "<group>"; };
		E78D266C1C19AF2E002860A5 /* zh-Hant */ = {isa = PBXFileReference; lastKnownFileType = text.plist.strings; name = "zh-Hant"; path = "zh-Hant.lproj/InfoPlist.strings"; sourceTree = "<group>"; };
		E7BB95531C154A0700130E2F /* MailDetailController.swift */ = {isa = PBXFileReference; fileEncoding = 4; lastKnownFileType = sourcecode.swift; path = MailDetailController.swift; sourceTree = "<group>"; };
		E7BB95551C154B7C00130E2F /* UserSettingController.swift */ = {isa = PBXFileReference; fileEncoding = 4; lastKnownFileType = sourcecode.swift; path = UserSettingController.swift; sourceTree = "<group>"; };
		E7BB95571C157E1700130E2F /* SystemSoundHelper.swift */ = {isa = PBXFileReference; fileEncoding = 4; lastKnownFileType = sourcecode.swift; path = SystemSoundHelper.swift; sourceTree = "<group>"; };
		E7BB955A1C15953900130E2F /* iDiaries.entitlements */ = {isa = PBXFileReference; lastKnownFileType = text.xml; path = iDiaries.entitlements; sourceTree = "<group>"; };
		E7BB955D1C15C8D400130E2F /* Pods.framework */ = {isa = PBXFileReference; lastKnownFileType = wrapper.framework; name = Pods.framework; path = "Pods/../build/Debug-iphoneos/Pods.framework"; sourceTree = "<group>"; };
		E7CD271F1C17F51700AB2C64 /* SyncDiariesViewController.swift */ = {isa = PBXFileReference; fileEncoding = 4; lastKnownFileType = sourcecode.swift; path = SyncDiariesViewController.swift; sourceTree = "<group>"; };
		E7CD27221C17FD5500AB2C64 /* iCloudExtension.swift */ = {isa = PBXFileReference; fileEncoding = 4; lastKnownFileType = sourcecode.swift; path = iCloudExtension.swift; sourceTree = "<group>"; };
/* End PBXFileReference section */

/* Begin PBXFrameworksBuildPhase section */
		E76DEB711C0E981D0072A1D7 /* Frameworks */ = {
			isa = PBXFrameworksBuildPhase;
			buildActionMask = 2147483647;
			files = (
				E7534B881C23DE3500F0ED58 /* libz.1.2.5.tbd in Frameworks */,
				E7534B861C23C3F200F0ED58 /* libMobClickLibrary.a in Frameworks */,
				E781B4881C11925F0014A17D /* AudioToolbox.framework in Frameworks */,
				41E0151092E8C702AF72BCD3 /* Pods.framework in Frameworks */,
			);
			runOnlyForDeploymentPostprocessing = 0;
		};
/* End PBXFrameworksBuildPhase section */

/* Begin PBXGroup section */
		5C1BBD39887709376E64B23B /* Pods */ = {
			isa = PBXGroup;
			children = (
				AE9BC71D74986D97B8B73218 /* Pods.debug.xcconfig */,
				42B62F95657CF65E2B8E9CED /* Pods.release.xcconfig */,
			);
			name = Pods;
			sourceTree = "<group>";
		};
		E70A5AF21C17BFEC001C0A47 /* Persistents */ = {
			isa = PBXGroup;
			children = (
				E7CD27211C17FD5500AB2C64 /* iCloud */,
				E70A5AF31C17BFEC001C0A47 /* Base */,
				E70A5AF81C17BFEC001C0A47 /* CoreData */,
				E70A5B0B1C17BFEC001C0A47 /* Model */,
			);
			name = Persistents;
			path = ../../bahamut/Bahamut/Bahamut/Persistents;
			sourceTree = "<group>";
		};
		E70A5AF31C17BFEC001C0A47 /* Base */ = {
			isa = PBXGroup;
			children = (
				E70A5AF41C17BFEC001C0A47 /* FileType.swift */,
				E70A5AF51C17BFEC001C0A47 /* PersistentBase.swift */,
				E70A5AF61C17BFEC001C0A47 /* PersistentFileHelper.swift */,
				E70A5AF71C17BFEC001C0A47 /* PersistentManager.swift */,
			);
			path = Base;
			sourceTree = "<group>";
		};
		E70A5AF81C17BFEC001C0A47 /* CoreData */ = {
			isa = PBXGroup;
			children = (
				E70A5AFB1C17BFEC001C0A47 /* CoreDataManager.swift */,
			);
			path = CoreData;
			sourceTree = "<group>";
		};
		E70A5B0B1C17BFEC001C0A47 /* Model */ = {
			isa = PBXGroup;
			children = (
				E70A5B0C1C17BFEC001C0A47 /* BahamutModel.xcdatamodeld */,
				E70A5B0E1C17BFEC001C0A47 /* ModelEntity.swift */,
				E70A5B0F1C17BFEC001C0A47 /* ModelExtension.swift */,
			);
			path = Model;
			sourceTree = "<group>";
		};
		E70DDEA31C10606C00DD0E57 /* BahamutCommon */ = {
			isa = PBXGroup;
			children = (
				E70DDEA71C10606C00DD0E57 /* Base64 */,
				E70DDEA41C10606C00DD0E57 /* ArrayUtil.swift */,
				E70DDEA51C10606C00DD0E57 /* BahamutCommon.h */,
				E70DDEA61C10606C00DD0E57 /* BahamutObject.swift */,
				E70DDEAA1C10606C00DD0E57 /* DateHelper.swift */,
				E70DDEAB1C10606C00DD0E57 /* IDUtil.swift */,
				E70DDEAC1C10606C00DD0E57 /* RegexUtil.swift */,
				E70DDEAD1C10606C00DD0E57 /* StringHelper.swift */,
			);
			name = BahamutCommon;
			path = ../../bahamut/Bahamut/Bahamut/BahamutCommon;
			sourceTree = "<group>";
		};
		E70DDEA71C10606C00DD0E57 /* Base64 */ = {
			isa = PBXGroup;
			children = (
				E70DDEA81C10606C00DD0E57 /* MF_Base64Additions.h */,
				E70DDEA91C10606C00DD0E57 /* MF_Base64Additions.m */,
			);
			path = Base64;
			sourceTree = "<group>";
		};
		E70DDEAE1C10606C00DD0E57 /* BahamutUIKit */ = {
			isa = PBXGroup;
			children = (
				E74246471C3A133800BA564F /* KeyboardAdjustHelper.swift */,
				E70DDEB11C10606C00DD0E57 /* DynamicColor */,
				E70DDEAF1C10606C00DD0E57 /* ColorUtil.swift */,
				E70DDEB01C10606C00DD0E57 /* ControllerExtension.swift */,
				E70DDEB41C10606C00DD0E57 /* ImageUtil.swift */,
				E70DDEB61C10606C00DD0E57 /* ToastHelper.swift */,
				E70DDEB71C10606C00DD0E57 /* UserGuide.swift */,
				E743D8DD1C143B10003ACC4E /* UIAnimationHelper.swift */,
				E7BB95571C157E1700130E2F /* SystemSoundHelper.swift */,
			);
			name = BahamutUIKit;
			path = ../../bahamut/Bahamut/Bahamut/BahamutUIKit;
			sourceTree = "<group>";
		};
		E70DDEB11C10606C00DD0E57 /* DynamicColor */ = {
			isa = PBXGroup;
			children = (
				E70DDEB21C10606C00DD0E57 /* HSL.swift */,
				E70DDEB31C10606C00DD0E57 /* UIColor.swift */,
			);
			path = DynamicColor;
			sourceTree = "<group>";
		};
		E743D8DA1C129447003ACC4E /* DiaryList */ = {
			isa = PBXGroup;
			children = (
				E743D8DB1C129479003ACC4E /* DiaryListManager.swift */,
				E70DDEA11C10197F00DD0E57 /* DiaryContentCell.swift */,
				E74DB7B71C193362004F0207 /* DiaryDetailViewController.swift */,
			);
			name = DiaryList;
			sourceTree = "<group>";
		};
		E743D8E11C14936C003ACC4E /* UIResource */ = {
			isa = PBXGroup;
			children = (
				E743D8DF1C149365003ACC4E /* NothingViewFooter.xib */,
				E76DEB801C0E981D0072A1D7 /* LaunchScreen.storyboard */,
				E76DEB7B1C0E981D0072A1D7 /* Main.storyboard */,
			);
			name = UIResource;
			sourceTree = "<group>";
		};
		E743D8E61C14A0DE003ACC4E /* TimeMail */ = {
			isa = PBXGroup;
			children = (
				E743D8E71C14A104003ACC4E /* TimeMailTableViewController.swift */,
				E743D8E91C14A120003ACC4E /* TimeMailTableViewCell.swift */,
				E7BB95531C154A0700130E2F /* MailDetailController.swift */,
			);
			name = TimeMail;
			sourceTree = "<group>";
		};
		E743D8EB1C14A81E003ACC4E /* Services */ = {
			isa = PBXGroup;
			children = (
				E70DDE9D1C10156B00DD0E57 /* DiaryService.swift */,
				E743D8EC1C14A843003ACC4E /* TimeMailService.swift */,
				E7534B801C23BCA100F0ED58 /* SyncService.swift */,
			);
			name = Services;
			sourceTree = "<group>";
		};
		E743D8EE1C14A90C003ACC4E /* Components */ = {
			isa = PBXGroup;
			children = (
				E743D8EF1C14AD3E003ACC4E /* UIBarButtomItem-Badge */,
				E781B4851C1186310014A17D /* SelectDateController.swift */,
				E781B4A71C11C5DB0014A17D /* PasswordLocker.swift */,
				E781B4A91C11D5730014A17D /* LockViewController.swift */,
				E743D8E21C149407003ACC4E /* NothingViewFooter.swift */,
			);
			name = Components;
			sourceTree = "<group>";
		};
		E743D8EF1C14AD3E003ACC4E /* UIBarButtomItem-Badge */ = {
			isa = PBXGroup;
			children = (
				E743D8F01C14AD3E003ACC4E /* UIBarButtonItem+Badge.h */,
				E743D8F11C14AD3E003ACC4E /* UIBarButtonItem+Badge.m */,
				E743D8F21C14AD3E003ACC4E /* UIButton+Badge.h */,
				E743D8F31C14AD3E003ACC4E /* UIButton+Badge.m */,
			);
			path = "UIBarButtomItem-Badge";
			sourceTree = "<group>";
		};
		E7534B821C23C3F200F0ED58 /* UMAnalytics */ = {
			isa = PBXGroup;
			children = (
				E7534B831C23C3F200F0ED58 /* libMobClickLibrary.a */,
				E7534B841C23C3F200F0ED58 /* MobClick.h */,
				E7534B851C23C3F200F0ED58 /* MobClickSocialAnalytics.h */,
			);
			path = UMAnalytics;
			sourceTree = "<group>";
		};
		E76DEB6B1C0E981D0072A1D7 = {
			isa = PBXGroup;
			children = (
				E76DEB761C0E981D0072A1D7 /* iDiaries */,
				E76DEB751C0E981D0072A1D7 /* Products */,
				5C1BBD39887709376E64B23B /* Pods */,
				E930703952CF9F5E7439696B /* Frameworks */,
			);
			sourceTree = "<group>";
		};
		E76DEB751C0E981D0072A1D7 /* Products */ = {
			isa = PBXGroup;
			children = (
				E76DEB741C0E981D0072A1D7 /* iDiaries.app */,
			);
			name = Products;
			sourceTree = "<group>";
		};
		E76DEB761C0E981D0072A1D7 /* iDiaries */ = {
			isa = PBXGroup;
			children = (
				E7534B821C23C3F200F0ED58 /* UMAnalytics */,
				E76DEC031C0F24B30072A1D7 /* Source */,
				E78D26641C1982E7002860A5 /* SupportFiles */,
			);
			path = iDiaries;
			sourceTree = "<group>";
		};
		E76DEC031C0F24B30072A1D7 /* Source */ = {
			isa = PBXGroup;
			children = (
				E70A5AF21C17BFEC001C0A47 /* Persistents */,
				E743D8EE1C14A90C003ACC4E /* Components */,
				E743D8E11C14936C003ACC4E /* UIResource */,
				E70DDEA31C10606C00DD0E57 /* BahamutCommon */,
				E70DDEAE1C10606C00DD0E57 /* BahamutUIKit */,
				E781B4781C114B7C0014A17D /* NewDiary */,
				E743D8DA1C129447003ACC4E /* DiaryList */,
				E743D8E61C14A0DE003ACC4E /* TimeMail */,
				E743D8EB1C14A81E003ACC4E /* Services */,
				E7BB95591C1593CD00130E2F /* UserSetting */,
				E70DDE9F1C1015D400DD0E57 /* DiaryMarksConfig.swift */,
				E76DEB791C0E981D0072A1D7 /* ViewController.swift */,
				E76DEB771C0E981D0072A1D7 /* AppDelegate.swift */,
				E77D43471C15E853008E350A /* iDiariesConfig.swift */,
			);
			name = Source;
			sourceTree = "<group>";
		};
		E781B4781C114B7C0014A17D /* NewDiary */ = {
			isa = PBXGroup;
			children = (
				E70DDE991C10122600DD0E57 /* DiaryMarkCell.swift */,
				E781B4831C114DB10014A17D /* NewDiaryBaseCell.swift */,
				E781B4791C114BAD0014A17D /* NewDiaryDateCell.swift */,
				E781B47B1C114BC60014A17D /* NewDiaryMarkCell.swift */,
				E781B47D1C114BE20014A17D /* NewDiaryTextContentCell.swift */,
				E781B47F1C114BFC0014A17D /* NewDiarySendTimeMailCell.swift */,
				E781B4811C114C0E0014A17D /* NewDiarySaveCell.swift */,
				E743D8D81C128E10003ACC4E /* NewDiaryCellManager.swift */,
				E743D8E41C149989003ACC4E /* EditMainContentViewController.swift */,
			);
			name = NewDiary;
			sourceTree = "<group>";
		};
		E78D26641C1982E7002860A5 /* SupportFiles */ = {
			isa = PBXGroup;
			children = (
				E76DEB7E1C0E981D0072A1D7 /* Assets.xcassets */,
				E76DEBFE1C0F220F0072A1D7 /* Bridging-Header.h */,
				E78D265C1C1981F6002860A5 /* Info.plist */,
				E7BB955A1C15953900130E2F /* iDiaries.entitlements */,
				E74DB7C41C197515004F0207 /* Localizable.strings */,
				E78D26621C19823C002860A5 /* InfoPlist.strings */,
			);
			name = SupportFiles;
			sourceTree = "<group>";
		};
		E7BB95591C1593CD00130E2F /* UserSetting */ = {
			isa = PBXGroup;
			children = (
				E7BB95551C154B7C00130E2F /* UserSettingController.swift */,
				E77D43451C15E812008E350A /* AboutViewController.swift */,
				E7CD271F1C17F51700AB2C64 /* SyncDiariesViewController.swift */,
			);
			name = UserSetting;
			sourceTree = "<group>";
		};
		E7CD27211C17FD5500AB2C64 /* iCloud */ = {
			isa = PBXGroup;
			children = (
				E7CD27221C17FD5500AB2C64 /* iCloudExtension.swift */,
			);
			path = iCloud;
			sourceTree = "<group>";
		};
		E930703952CF9F5E7439696B /* Frameworks */ = {
			isa = PBXGroup;
			children = (
				E7534B871C23DE3500F0ED58 /* libz.1.2.5.tbd */,
				E7BB955D1C15C8D400130E2F /* Pods.framework */,
				E781B4871C11925F0014A17D /* AudioToolbox.framework */,
				2C6CC0BDD0C2F3E4BF93137B /* Pods.framework */,
			);
			name = Frameworks;
			sourceTree = "<group>";
		};
/* End PBXGroup section */

/* Begin PBXNativeTarget section */
		E76DEB731C0E981D0072A1D7 /* iDiaries */ = {
			isa = PBXNativeTarget;
			buildConfigurationList = E76DEB861C0E981D0072A1D7 /* Build configuration list for PBXNativeTarget "iDiaries" */;
			buildPhases = (
				00F4A52154D3BB831EBE3F9F /* Check Pods Manifest.lock */,
				E76DEB701C0E981D0072A1D7 /* Sources */,
				E76DEB711C0E981D0072A1D7 /* Frameworks */,
				E76DEB721C0E981D0072A1D7 /* Resources */,
				AD331FA8ABDFD1D233B82261 /* Embed Pods Frameworks */,
				A39B9F37874C892BC7CDEC46 /* Copy Pods Resources */,
			);
			buildRules = (
			);
			dependencies = (
			);
			name = iDiaries;
			productName = iDiaries;
			productReference = E76DEB741C0E981D0072A1D7 /* iDiaries.app */;
			productType = "com.apple.product-type.application";
		};
/* End PBXNativeTarget section */

/* Begin PBXProject section */
		E76DEB6C1C0E981D0072A1D7 /* Project object */ = {
			isa = PBXProject;
			attributes = {
				LastSwiftUpdateCheck = 0710;
				LastUpgradeCheck = 0710;
				ORGANIZATIONNAME = GStudio;
				TargetAttributes = {
					E76DEB731C0E981D0072A1D7 = {
						CreatedOnToolsVersion = 7.1.1;
						DevelopmentTeam = 2BW6TGDJAV;
						SystemCapabilities = {
							com.apple.iCloud = {
								enabled = 1;
							};
						};
					};
				};
			};
			buildConfigurationList = E76DEB6F1C0E981D0072A1D7 /* Build configuration list for PBXProject "iDiaries" */;
			compatibilityVersion = "Xcode 3.2";
			developmentRegion = English;
			hasScannedForEncodings = 0;
			knownRegions = (
				en,
				Base,
				"zh-Hant",
				"zh-Hans",
			);
			mainGroup = E76DEB6B1C0E981D0072A1D7;
			productRefGroup = E76DEB751C0E981D0072A1D7 /* Products */;
			projectDirPath = "";
			projectRoot = "";
			targets = (
				E76DEB731C0E981D0072A1D7 /* iDiaries */,
			);
		};
/* End PBXProject section */

/* Begin PBXResourcesBuildPhase section */
		E76DEB721C0E981D0072A1D7 /* Resources */ = {
			isa = PBXResourcesBuildPhase;
			buildActionMask = 2147483647;
			files = (
				E76DEB821C0E981D0072A1D7 /* LaunchScreen.storyboard in Resources */,
				E78D26601C19823C002860A5 /* InfoPlist.strings in Resources */,
				E743D8E01C149365003ACC4E /* NothingViewFooter.xib in Resources */,
				E74DB7C21C197515004F0207 /* Localizable.strings in Resources */,
				E76DEB7F1C0E981D0072A1D7 /* Assets.xcassets in Resources */,
				E76DEB7D1C0E981D0072A1D7 /* Main.storyboard in Resources */,
			);
			runOnlyForDeploymentPostprocessing = 0;
		};
/* End PBXResourcesBuildPhase section */

/* Begin PBXShellScriptBuildPhase section */
		00F4A52154D3BB831EBE3F9F /* Check Pods Manifest.lock */ = {
			isa = PBXShellScriptBuildPhase;
			buildActionMask = 2147483647;
			files = (
			);
			inputPaths = (
			);
			name = "Check Pods Manifest.lock";
			outputPaths = (
			);
			runOnlyForDeploymentPostprocessing = 0;
			shellPath = /bin/sh;
			shellScript = "diff \"${PODS_ROOT}/../Podfile.lock\" \"${PODS_ROOT}/Manifest.lock\" > /dev/null\nif [[ $? != 0 ]] ; then\n    cat << EOM\nerror: The sandbox is not in sync with the Podfile.lock. Run 'pod install' or update your CocoaPods installation.\nEOM\n    exit 1\nfi\n";
			showEnvVarsInLog = 0;
		};
		A39B9F37874C892BC7CDEC46 /* Copy Pods Resources */ = {
			isa = PBXShellScriptBuildPhase;
			buildActionMask = 2147483647;
			files = (
			);
			inputPaths = (
			);
			name = "Copy Pods Resources";
			outputPaths = (
			);
			runOnlyForDeploymentPostprocessing = 0;
			shellPath = /bin/sh;
			shellScript = "\"${SRCROOT}/Pods/Target Support Files/Pods/Pods-resources.sh\"\n";
			showEnvVarsInLog = 0;
		};
		AD331FA8ABDFD1D233B82261 /* Embed Pods Frameworks */ = {
			isa = PBXShellScriptBuildPhase;
			buildActionMask = 2147483647;
			files = (
			);
			inputPaths = (
			);
			name = "Embed Pods Frameworks";
			outputPaths = (
			);
			runOnlyForDeploymentPostprocessing = 0;
			shellPath = /bin/sh;
			shellScript = "\"${SRCROOT}/Pods/Target Support Files/Pods/Pods-frameworks.sh\"\n";
			showEnvVarsInLog = 0;
		};
/* End PBXShellScriptBuildPhase section */

/* Begin PBXSourcesBuildPhase section */
		E76DEB701C0E981D0072A1D7 /* Sources */ = {
			isa = PBXSourcesBuildPhase;
			buildActionMask = 2147483647;
			files = (
				E74246481C3A133800BA564F /* KeyboardAdjustHelper.swift in Sources */,
				E76DEB7A1C0E981D0072A1D7 /* ViewController.swift in Sources */,
				E781B47C1C114BC60014A17D /* NewDiaryMarkCell.swift in Sources */,
				E70DDED31C10606C00DD0E57 /* UserGuide.swift in Sources */,
				E743D8E51C149989003ACC4E /* EditMainContentViewController.swift in Sources */,
				E70DDEC71C10606C00DD0E57 /* MF_Base64Additions.m in Sources */,
				E781B4821C114C0E0014A17D /* NewDiarySaveCell.swift in Sources */,
				E70A5B121C17BFEC001C0A47 /* PersistentFileHelper.swift in Sources */,
				E70DDE9A1C10122600DD0E57 /* DiaryMarkCell.swift in Sources */,
				E743D8DC1C129479003ACC4E /* DiaryListManager.swift in Sources */,
				E781B47E1C114BE20014A17D /* NewDiaryTextContentCell.swift in Sources */,
				E70DDECC1C10606C00DD0E57 /* ColorUtil.swift in Sources */,
				E70DDECE1C10606C00DD0E57 /* HSL.swift in Sources */,
				E7CD27231C17FD5500AB2C64 /* iCloudExtension.swift in Sources */,
				E77D43461C15E812008E350A /* AboutViewController.swift in Sources */,
				E781B4841C114DB10014A17D /* NewDiaryBaseCell.swift in Sources */,
				E743D8E81C14A104003ACC4E /* TimeMailTableViewController.swift in Sources */,
				E781B4AA1C11D5730014A17D /* LockViewController.swift in Sources */,
				E7BB95561C154B7C00130E2F /* UserSettingController.swift in Sources */,
				E781B4A81C11C5DB0014A17D /* PasswordLocker.swift in Sources */,
				E70DDECD1C10606C00DD0E57 /* ControllerExtension.swift in Sources */,
				E70A5B201C17BFEC001C0A47 /* BahamutModel.xcdatamodeld in Sources */,
				E743D8F51C14AD3E003ACC4E /* UIButton+Badge.m in Sources */,
				E70DDECB1C10606C00DD0E57 /* StringHelper.swift in Sources */,
				E70A5B151C17BFEC001C0A47 /* CoreDataManager.swift in Sources */,
				E70DDECA1C10606C00DD0E57 /* RegexUtil.swift in Sources */,
				E743D8D91C128E10003ACC4E /* NewDiaryCellManager.swift in Sources */,
				E7BB95541C154A0700130E2F /* MailDetailController.swift in Sources */,
				E70A5B221C17BFEC001C0A47 /* ModelExtension.swift in Sources */,
				E7534B811C23BCA100F0ED58 /* SyncService.swift in Sources */,
				E781B4801C114BFC0014A17D /* NewDiarySendTimeMailCell.swift in Sources */,
				E70DDED01C10606C00DD0E57 /* ImageUtil.swift in Sources */,
				E781B4861C1186310014A17D /* SelectDateController.swift in Sources */,
				E743D8EA1C14A120003ACC4E /* TimeMailTableViewCell.swift in Sources */,
				E7CD27201C17F51700AB2C64 /* SyncDiariesViewController.swift in Sources */,
				E781B47A1C114BAD0014A17D /* NewDiaryDateCell.swift in Sources */,
				E70DDEA01C1015D400DD0E57 /* DiaryMarksConfig.swift in Sources */,
				E70DDEC61C10606C00DD0E57 /* BahamutObject.swift in Sources */,
				E76DEB781C0E981D0072A1D7 /* AppDelegate.swift in Sources */,
				E743D8E31C149407003ACC4E /* NothingViewFooter.swift in Sources */,
				E743D8ED1C14A843003ACC4E /* TimeMailService.swift in Sources */,
				E70DDE9E1C10156B00DD0E57 /* DiaryService.swift in Sources */,
				E70DDECF1C10606C00DD0E57 /* UIColor.swift in Sources */,
				E70DDED21C10606C00DD0E57 /* ToastHelper.swift in Sources */,
				E70A5B211C17BFEC001C0A47 /* ModelEntity.swift in Sources */,
				E70A5B111C17BFEC001C0A47 /* PersistentBase.swift in Sources */,
				E74DB7B81C193362004F0207 /* DiaryDetailViewController.swift in Sources */,
				E743D8F41C14AD3E003ACC4E /* UIBarButtonItem+Badge.m in Sources */,
				E70DDEA21C10197F00DD0E57 /* DiaryContentCell.swift in Sources */,
				E70A5B101C17BFEC001C0A47 /* FileType.swift in Sources */,
				E77D43481C15E853008E350A /* iDiariesConfig.swift in Sources */,
				E7BB95581C157E1700130E2F /* SystemSoundHelper.swift in Sources */,
				E70DDEC81C10606C00DD0E57 /* DateHelper.swift in Sources */,
				E70DDEC91C10606C00DD0E57 /* IDUtil.swift in Sources */,
				E70A5B131C17BFEC001C0A47 /* PersistentManager.swift in Sources */,
				E70DDEC51C10606C00DD0E57 /* ArrayUtil.swift in Sources */,
				E743D8DE1C143B10003ACC4E /* UIAnimationHelper.swift in Sources */,
			);
			runOnlyForDeploymentPostprocessing = 0;
		};
/* End PBXSourcesBuildPhase section */

/* Begin PBXVariantGroup section */
		E74DB7C41C197515004F0207 /* Localizable.strings */ = {
			isa = PBXVariantGroup;
			children = (
				E74DB7C31C197515004F0207 /* zh-Hans */,
				E74DB7C51C197518004F0207 /* Base */,
				E78D266B1C19AF2E002860A5 /* zh-Hant */,
			);
			name = Localizable.strings;
			sourceTree = "<group>";
		};
		E76DEB7B1C0E981D0072A1D7 /* Main.storyboard */ = {
			isa = PBXVariantGroup;
			children = (
				E76DEB7C1C0E981D0072A1D7 /* Base */,
				E74DB7BF1C1973F9004F0207 /* zh-Hans */,
				E7534B911C241F4F00F0ED58 /* zh-Hant */,
			);
			name = Main.storyboard;
			sourceTree = "<group>";
		};
		E76DEB801C0E981D0072A1D7 /* LaunchScreen.storyboard */ = {
			isa = PBXVariantGroup;
			children = (
				E76DEB811C0E981D0072A1D7 /* Base */,
			);
			name = LaunchScreen.storyboard;
			sourceTree = "<group>";
		};
		E78D26621C19823C002860A5 /* InfoPlist.strings */ = {
			isa = PBXVariantGroup;
			children = (
				E78D26611C19823C002860A5 /* zh-Hans */,
				E78D26631C19823D002860A5 /* Base */,
				E78D266C1C19AF2E002860A5 /* zh-Hant */,
			);
			name = InfoPlist.strings;
			path = ..;
			sourceTree = "<group>";
		};
/* End PBXVariantGroup section */

/* Begin XCBuildConfiguration section */
		E76DEB841C0E981D0072A1D7 /* Debug */ = {
			isa = XCBuildConfiguration;
			buildSettings = {
				ALWAYS_SEARCH_USER_PATHS = NO;
				CLANG_CXX_LANGUAGE_STANDARD = "gnu++0x";
				CLANG_CXX_LIBRARY = "libc++";
				CLANG_ENABLE_MODULES = YES;
				CLANG_ENABLE_OBJC_ARC = YES;
				CLANG_WARN_BOOL_CONVERSION = YES;
				CLANG_WARN_CONSTANT_CONVERSION = YES;
				CLANG_WARN_DIRECT_OBJC_ISA_USAGE = YES_ERROR;
				CLANG_WARN_EMPTY_BODY = YES;
				CLANG_WARN_ENUM_CONVERSION = YES;
				CLANG_WARN_INT_CONVERSION = YES;
				CLANG_WARN_OBJC_ROOT_CLASS = YES_ERROR;
				CLANG_WARN_UNREACHABLE_CODE = YES;
				CLANG_WARN__DUPLICATE_METHOD_MATCH = YES;
				"CODE_SIGN_IDENTITY[sdk=iphoneos*]" = "iPhone Developer";
				COPY_PHASE_STRIP = NO;
				DEBUG_INFORMATION_FORMAT = dwarf;
				ENABLE_STRICT_OBJC_MSGSEND = YES;
				ENABLE_TESTABILITY = YES;
				GCC_C_LANGUAGE_STANDARD = gnu99;
				GCC_DYNAMIC_NO_PIC = NO;
				GCC_NO_COMMON_BLOCKS = YES;
				GCC_OPTIMIZATION_LEVEL = 0;
				GCC_PREPROCESSOR_DEFINITIONS = (
					"DEBUG=1",
					"$(inherited)",
				);
				GCC_WARN_64_TO_32_BIT_CONVERSION = YES;
				GCC_WARN_ABOUT_RETURN_TYPE = YES_ERROR;
				GCC_WARN_UNDECLARED_SELECTOR = YES;
				GCC_WARN_UNINITIALIZED_AUTOS = YES_AGGRESSIVE;
				GCC_WARN_UNUSED_FUNCTION = YES;
				GCC_WARN_UNUSED_VARIABLE = YES;
				INFOPLIST_FILE = "";
				IPHONEOS_DEPLOYMENT_TARGET = 8.0;
				MTL_ENABLE_DEBUG_INFO = YES;
				ONLY_ACTIVE_ARCH = YES;
				SDKROOT = iphoneos;
				SWIFT_OBJC_BRIDGING_HEADER = "";
				SWIFT_OPTIMIZATION_LEVEL = "-Onone";
			};
			name = Debug;
		};
		E76DEB851C0E981D0072A1D7 /* Release */ = {
			isa = XCBuildConfiguration;
			buildSettings = {
				ALWAYS_SEARCH_USER_PATHS = NO;
				CLANG_CXX_LANGUAGE_STANDARD = "gnu++0x";
				CLANG_CXX_LIBRARY = "libc++";
				CLANG_ENABLE_MODULES = YES;
				CLANG_ENABLE_OBJC_ARC = YES;
				CLANG_WARN_BOOL_CONVERSION = YES;
				CLANG_WARN_CONSTANT_CONVERSION = YES;
				CLANG_WARN_DIRECT_OBJC_ISA_USAGE = YES_ERROR;
				CLANG_WARN_EMPTY_BODY = YES;
				CLANG_WARN_ENUM_CONVERSION = YES;
				CLANG_WARN_INT_CONVERSION = YES;
				CLANG_WARN_OBJC_ROOT_CLASS = YES_ERROR;
				CLANG_WARN_UNREACHABLE_CODE = YES;
				CLANG_WARN__DUPLICATE_METHOD_MATCH = YES;
				"CODE_SIGN_IDENTITY[sdk=iphoneos*]" = "iPhone Developer";
				COPY_PHASE_STRIP = NO;
				DEBUG_INFORMATION_FORMAT = "dwarf-with-dsym";
				ENABLE_NS_ASSERTIONS = NO;
				ENABLE_STRICT_OBJC_MSGSEND = YES;
				GCC_C_LANGUAGE_STANDARD = gnu99;
				GCC_NO_COMMON_BLOCKS = YES;
				GCC_WARN_64_TO_32_BIT_CONVERSION = YES;
				GCC_WARN_ABOUT_RETURN_TYPE = YES_ERROR;
				GCC_WARN_UNDECLARED_SELECTOR = YES;
				GCC_WARN_UNINITIALIZED_AUTOS = YES_AGGRESSIVE;
				GCC_WARN_UNUSED_FUNCTION = YES;
				GCC_WARN_UNUSED_VARIABLE = YES;
				INFOPLIST_FILE = "";
				IPHONEOS_DEPLOYMENT_TARGET = 8.0;
				MTL_ENABLE_DEBUG_INFO = NO;
				SDKROOT = iphoneos;
				SWIFT_OBJC_BRIDGING_HEADER = "";
				VALIDATE_PRODUCT = YES;
			};
			name = Release;
		};
		E76DEB871C0E981D0072A1D7 /* Debug */ = {
			isa = XCBuildConfiguration;
			baseConfigurationReference = AE9BC71D74986D97B8B73218 /* Pods.debug.xcconfig */;
			buildSettings = {
				ASSETCATALOG_COMPILER_APPICON_NAME = AppIcon;
				CODE_SIGN_ENTITLEMENTS = iDiaries/iDiaries.entitlements;
				CODE_SIGN_IDENTITY = "iPhone Developer";
				"CODE_SIGN_IDENTITY[sdk=iphoneos*]" = "iPhone Developer";
				FRAMEWORK_SEARCH_PATHS = "$(inherited)";
				INFOPLIST_FILE = iDiaries/Info.plist;
				IPHONEOS_DEPLOYMENT_TARGET = 8.0;
				LD_RUNPATH_SEARCH_PATHS = "$(inherited) @executable_path/Frameworks";
				LIBRARY_SEARCH_PATHS = (
					"$(inherited)",
					"$(SDKROOT)/usr/lib/system",
					"$(PROJECT_DIR)/iDiaries/UMAnalytics",
				);
				OTHER_LDFLAGS = (
					"$(inherited)",
					"-framework",
					"\"EVReflection\"",
					"-framework",
					"\"KKGestureLockView\"",
					"-framework",
					"\"MBProgressHUD\"",
					"-framework",
					"\"MJRefresh\"",
					"-framework",
					"\"iCloudDocumentSync\"",
					"-objc",
				);
				PRODUCT_BUNDLE_IDENTIFIER = com.idiaries.ios;
				PRODUCT_NAME = "$(TARGET_NAME)";
				PROVISIONING_PROFILE = "";
				SWIFT_OBJC_BRIDGING_HEADER = "/Users/alexchow/GitHub/iDiaries/iDiaries/Bridging-Header.h";
				TARGETED_DEVICE_FAMILY = "1,2";
			};
			name = Debug;
		};
		E76DEB881C0E981D0072A1D7 /* Release */ = {
			isa = XCBuildConfiguration;
			baseConfigurationReference = 42B62F95657CF65E2B8E9CED /* Pods.release.xcconfig */;
			buildSettings = {
				ASSETCATALOG_COMPILER_APPICON_NAME = AppIcon;
				CODE_SIGN_ENTITLEMENTS = iDiaries/iDiaries.entitlements;
				CODE_SIGN_IDENTITY = "iPhone Developer";
				"CODE_SIGN_IDENTITY[sdk=iphoneos*]" = "iPhone Developer";
				FRAMEWORK_SEARCH_PATHS = "$(inherited)";
				INFOPLIST_FILE = iDiaries/Info.plist;
				IPHONEOS_DEPLOYMENT_TARGET = 8.0;
				LD_RUNPATH_SEARCH_PATHS = "$(inherited) @executable_path/Frameworks";
				LIBRARY_SEARCH_PATHS = (
					"$(inherited)",
					"$(SDKROOT)/usr/lib/system",
					"$(PROJECT_DIR)/iDiaries/UMAnalytics",
				);
				OTHER_LDFLAGS = (
					"$(inherited)",
					"-framework",
					"\"EVReflection\"",
					"-framework",
					"\"KKGestureLockView\"",
					"-framework",
					"\"MBProgressHUD\"",
					"-framework",
					"\"MJRefresh\"",
					"-framework",
					"\"iCloudDocumentSync\"",
					"-objc",
				);
				PRODUCT_BUNDLE_IDENTIFIER = com.idiaries.ios;
				PRODUCT_NAME = "$(TARGET_NAME)";
				PROVISIONING_PROFILE = "";
				SWIFT_OBJC_BRIDGING_HEADER = "/Users/alexchow/GitHub/iDiaries/iDiaries/Bridging-Header.h";
				TARGETED_DEVICE_FAMILY = "1,2";
			};
			name = Release;
		};
/* End XCBuildConfiguration section */

/* Begin XCConfigurationList section */
		E76DEB6F1C0E981D0072A1D7 /* Build configuration list for PBXProject "iDiaries" */ = {
			isa = XCConfigurationList;
			buildConfigurations = (
				E76DEB841C0E981D0072A1D7 /* Debug */,
				E76DEB851C0E981D0072A1D7 /* Release */,
			);
			defaultConfigurationIsVisible = 0;
			defaultConfigurationName = Release;
		};
		E76DEB861C0E981D0072A1D7 /* Build configuration list for PBXNativeTarget "iDiaries" */ = {
			isa = XCConfigurationList;
			buildConfigurations = (
				E76DEB871C0E981D0072A1D7 /* Debug */,
				E76DEB881C0E981D0072A1D7 /* Release */,
			);
			defaultConfigurationIsVisible = 0;
			defaultConfigurationName = Release;
		};
/* End XCConfigurationList section */

/* Begin XCVersionGroup section */
		E70A5B0C1C17BFEC001C0A47 /* BahamutModel.xcdatamodeld */ = {
			isa = XCVersionGroup;
			children = (
				E70A5B0D1C17BFEC001C0A47 /* BahamutModel.xcdatamodel */,
			);
			currentVersion = E70A5B0D1C17BFEC001C0A47 /* BahamutModel.xcdatamodel */;
			path = BahamutModel.xcdatamodeld;
			sourceTree = "<group>";
			versionGroupType = wrapper.xcdatamodel;
		};
/* End XCVersionGroup section */
	};
	rootObject = E76DEB6C1C0E981D0072A1D7 /* Project object */;
}
