PODS:
  - BEMSimpleLineGraph (4.1)
  - Charts (2.3.1):
    - Charts/Core (= 2.3.1)
  - Charts/Core (2.3.1)
  - EVReflection (2.20.2)
  - iCloudDocumentSync (7.4.1)
  - KKGestureLockView (1.0.0)
  - MBProgressHUD (1.0.0)
  - MJRefresh (3.1.12)
  - UMengAnalytics (4.1.4)

DEPENDENCIES:
  - BEMSimpleLineGraph
  - Charts (~> 2)
  - EVReflection (~> 2.20.0)
  - iCloudDocumentSync
  - KKGestureLockView
  - MBProgressHUD
  - MJRefresh
  - UMengAnalytics

SPEC CHECKSUMS:
  BEMSimpleLineGraph: 44fd451f27f8e9cf96f2da5bea27603093576dd1
  Charts: f04119c743c6996ba67fb8016d3a4878a38ca13f
  EVReflection: 0b4e36daac550bcf8c949792362fb282c084d012
  iCloudDocumentSync: 961aac30ca09c221de4c236e94dae69912f2c589
  KKGestureLockView: b27a33d2fe7995cd3c5e548dab1a8db7947322b8
  MBProgressHUD: 4890f671c94e8a0f3cf959aa731e9de2f036d71a
  MJRefresh: b96cdb21c4aa75a7b07654311ab2f315c497e806
  UMengAnalytics: 0bde5737767dfc18afb03a4cd6ba9d57bb2ad10d

PODFILE CHECKSUM: 9e7c81338d5e99fc573ac68fb93849738bceec5d

COCOAPODS: 1.1.1
